
Microsoft Visual Studio Solution File, Format Version 12.00
# Visual Studio Version 16
VisualStudioVersion = 16.0.30011.22
MinimumVisualStudioVersion = 10.0.40219.1
Project("{FAE04EC0-301F-11D3-BF4B-00C04F79EFBC}") = "BenefitsOfFitnessRoutine", "BenefitsOfFitnessRoutine\BenefitsOfFitnessRoutine.csproj", "{760074B1-A5C6-42B8-AC48-8972766BE4B7}"
EndProject
Global
	GlobalSection(SolutionConfigurationPlatforms) = preSolution
		Debug|Any CPU = Debug|Any CPU
		Release|Any CPU = Release|Any CPU
	EndGlobalSection
	GlobalSection(ProjectConfigurationPlatforms) = postSolution
		{760074B1-A5C6-42B8-AC48-8972766BE4B7}.Debug|Any CPU.ActiveCfg = Debug|Any CPU
		{760074B1-A5C6-42B8-AC48-8972766BE4B7}.Debug|Any CPU.Build.0 = Debug|Any CPU
		{760074B1-A5C6-42B8-AC48-8972766BE4B7}.Release|Any CPU.ActiveCfg = Release|Any CPU
		{760074B1-A5C6-42B8-AC48-8972766BE4B7}.Release|Any CPU.Build.0 = Release|Any CPU
	EndGlobalSection
	GlobalSection(SolutionProperties) = preSolution
		HideSolutionNode = FALSE
	EndGlobalSection
	GlobalSection(ExtensibilityGlobals) = postSolution
		SolutionGuid = {2B1B8C8F-9CDD-4CB5-AF68-542929E24222}
	EndGlobalSection
EndGlobal
